// !$*UTF8*$!
{
	archiveVersion = 1;
	classes = {
	};
	objectVersion = 56;
	objects = {

/* Begin PBXBuildFile section */
		4F0887102C478EC9004D5011 /* LandMarksApp.swift in Sources */ = {isa = PBXBuildFile; fileRef = 4F08870F2C478EC9004D5011 /* LandMarksApp.swift */; };
		4F0887122C478EC9004D5011 /* ContentView.swift in Sources */ = {isa = PBXBuildFile; fileRef = 4F0887112C478EC9004D5011 /* ContentView.swift */; };
		4F0887142C478ECA004D5011 /* Assets.xcassets in Resources */ = {isa = PBXBuildFile; fileRef = 4F0887132C478ECA004D5011 /* Assets.xcassets */; };
		4F0887172C478ECA004D5011 /* Preview Assets.xcassets in Resources */ = {isa = PBXBuildFile; fileRef = 4F0887162C478ECA004D5011 /* Preview Assets.xcassets */; };
		4F08871E2C48F84E004D5011 /* CircleImage.swift in Sources */ = {isa = PBXBuildFile; fileRef = 4F08871D2C48F84D004D5011 /* CircleImage.swift */; };
		4F0887202C48FA33004D5011 /* MapView.swift in Sources */ = {isa = PBXBuildFile; fileRef = 4F08871F2C48FA33004D5011 /* MapView.swift */; };
		4F0887222C4904C8004D5011 /* ContentView3.swift in Sources */ = {isa = PBXBuildFile; fileRef = 4F0887212C4904C8004D5011 /* ContentView3.swift */; };
		4F08875C2C4A59F2004D5011 /* Landmark.swift in Sources */ = {isa = PBXBuildFile; fileRef = 4F0887592C4A59F2004D5011 /* Landmark.swift */; };
		4F08875D2C4A59F2004D5011 /* ModelData.swift in Sources */ = {isa = PBXBuildFile; fileRef = 4F08875A2C4A59F2004D5011 /* ModelData.swift */; };
		4F0887602C4A7B4E004D5011 /* landmarkData.json in Resources */ = {isa = PBXBuildFile; fileRef = 4F08875F2C4A7B4E004D5011 /* landmarkData.json */; };
		4F0887632C4A84B5004D5011 /* LandmarkRow.swift in Sources */ = {isa = PBXBuildFile; fileRef = 4F0887622C4A84B5004D5011 /* LandmarkRow.swift */; };
		4F0887652C4B89E2004D5011 /* LandmarksList.swift in Sources */ = {isa = PBXBuildFile; fileRef = 4F0887642C4B89E2004D5011 /* LandmarksList.swift */; };
		4F0887672C4B8AAA004D5011 /* LandmarkDetail.swift in Sources */ = {isa = PBXBuildFile; fileRef = 4F0887662C4B8AAA004D5011 /* LandmarkDetail.swift */; };
		4F0887692C4BD12A004D5011 /* FavoriteButton.swift in Sources */ = {isa = PBXBuildFile; fileRef = 4F0887682C4BD12A004D5011 /* FavoriteButton.swift */; };
/* End PBXBuildFile section */

/* Begin PBXFileReference section */
		4F08870C2C478EC9004D5011 /* LandMarks.app */ = {isa = PBXFileReference; explicitFileType = wrapper.application; includeInIndex = 0; path = LandMarks.app; sourceTree = BUILT_PRODUCTS_DIR; };
		4F08870F2C478EC9004D5011 /* LandMarksApp.swift */ = {isa = PBXFileReference; lastKnownFileType = sourcecode.swift; path = LandMarksApp.swift; sourceTree = "<group>"; };
		4F0887112C478EC9004D5011 /* ContentView.swift */ = {isa = PBXFileReference; lastKnownFileType = sourcecode.swift; path = ContentView.swift; sourceTree = "<group>"; };
		4F0887132C478ECA004D5011 /* Assets.xcassets */ = {isa = PBXFileReference; lastKnownFileType = folder.assetcatalog; path = Assets.xcassets; sourceTree = "<group>"; };
		4F0887162C478ECA004D5011 /* Preview Assets.xcassets */ = {isa = PBXFileReference; lastKnownFileType = folder.assetcatalog; path = "Preview Assets.xcassets"; sourceTree = "<group>"; };
		4F08871D2C48F84D004D5011 /* CircleImage.swift */ = {isa = PBXFileReference; lastKnownFileType = sourcecode.swift; path = CircleImage.swift; sourceTree = "<group>"; };
		4F08871F2C48FA33004D5011 /* MapView.swift */ = {isa = PBXFileReference; lastKnownFileType = sourcecode.swift; path = MapView.swift; sourceTree = "<group>"; };
		4F0887212C4904C8004D5011 /* ContentView3.swift */ = {isa = PBXFileReference; lastKnownFileType = sourcecode.swift; path = ContentView3.swift; sourceTree = "<group>"; };
		4F0887592C4A59F2004D5011 /* Landmark.swift */ = {isa = PBXFileReference; fileEncoding = 4; lastKnownFileType = sourcecode.swift; path = Landmark.swift; sourceTree = "<group>"; };
		4F08875A2C4A59F2004D5011 /* ModelData.swift */ = {isa = PBXFileReference; fileEncoding = 4; lastKnownFileType = sourcecode.swift; path = ModelData.swift; sourceTree = "<group>"; };
		4F08875F2C4A7B4E004D5011 /* landmarkData.json */ = {isa = PBXFileReference; fileEncoding = 4; lastKnownFileType = text.json; path = landmarkData.json; sourceTree = "<group>"; };
		4F0887622C4A84B5004D5011 /* LandmarkRow.swift */ = {isa = PBXFileReference; lastKnownFileType = sourcecode.swift; path = LandmarkRow.swift; sourceTree = "<group>"; };
		4F0887642C4B89E2004D5011 /* LandmarksList.swift */ = {isa = PBXFileReference; lastKnownFileType = sourcecode.swift; path = LandmarksList.swift; sourceTree = "<group>"; };
		4F0887662C4B8AAA004D5011 /* LandmarkDetail.swift */ = {isa = PBXFileReference; lastKnownFileType = sourcecode.swift; path = LandmarkDetail.swift; sourceTree = "<group>"; };
		4F0887682C4BD12A004D5011 /* FavoriteButton.swift */ = {isa = PBXFileReference; lastKnownFileType = sourcecode.swift; path = FavoriteButton.swift; sourceTree = "<group>"; };
/* End PBXFileReference section */

/* Begin PBXFrameworksBuildPhase section */
		4F0887092C478EC9004D5011 /* Frameworks */ = {
			isa = PBXFrameworksBuildPhase;
			buildActionMask = 2147483647;
			files = (
			);
			runOnlyForDeploymentPostprocessing = 0;
		};
/* End PBXFrameworksBuildPhase section */

/* Begin PBXGroup section */
		4F0887032C478EC9004D5011 = {
			isa = PBXGroup;
			children = (
				4F08870E2C478EC9004D5011 /* LandMarks */,
				4F08870D2C478EC9004D5011 /* Products */,
			);
			sourceTree = "<group>";
		};
		4F08870D2C478EC9004D5011 /* Products */ = {
			isa = PBXGroup;
			children = (
				4F08870C2C478EC9004D5011 /* LandMarks.app */,
			);
			name = Products;
			sourceTree = "<group>";
		};
		4F08870E2C478EC9004D5011 /* LandMarks */ = {
			isa = PBXGroup;
			children = (
				4F08870F2C478EC9004D5011 /* LandMarksApp.swift */,
				4F0887612C4A7B52004D5011 /* Resources */,
				4F08875B2C4A59F2004D5011 /* Model */,
				4F08875E2C4A5A54004D5011 /* Views */,
				4F0887212C4904C8004D5011 /* ContentView3.swift */,
				4F0887132C478ECA004D5011 /* Assets.xcassets */,
				4F0887152C478ECA004D5011 /* Preview Content */,
			);
			path = LandMarks;
			sourceTree = "<group>";
		};
		4F0887152C478ECA004D5011 /* Preview Content */ = {
			isa = PBXGroup;
			children = (
				4F0887162C478ECA004D5011 /* Preview Assets.xcassets */,
			);
			path = "Preview Content";
			sourceTree = "<group>";
		};
		4F08875B2C4A59F2004D5011 /* Model */ = {
			isa = PBXGroup;
			children = (
				4F0887592C4A59F2004D5011 /* Landmark.swift */,
				4F08875A2C4A59F2004D5011 /* ModelData.swift */,
			);
			path = Model;
			sourceTree = "<group>";
		};
		4F08875E2C4A5A54004D5011 /* Views */ = {
			isa = PBXGroup;
			children = (
				4F0887112C478EC9004D5011 /* ContentView.swift */,
				4F08871D2C48F84D004D5011 /* CircleImage.swift */,
				4F08871F2C48FA33004D5011 /* MapView.swift */,
				4F0887622C4A84B5004D5011 /* LandmarkRow.swift */,
				4F0887642C4B89E2004D5011 /* LandmarksList.swift */,
				4F0887662C4B8AAA004D5011 /* LandmarkDetail.swift */,
				4F0887682C4BD12A004D5011 /* FavoriteButton.swift */,
			);
			path = Views;
			sourceTree = "<group>";
		};
		4F0887612C4A7B52004D5011 /* Resources */ = {
			isa = PBXGroup;
			children = (
				4F08875F2C4A7B4E004D5011 /* landmarkData.json */,
			);
			path = Resources;
			sourceTree = "<group>";
		};
/* End PBXGroup section */

/* Begin PBXNativeTarget section */
		4F08870B2C478EC9004D5011 /* LandMarks */ = {
			isa = PBXNativeTarget;
			buildConfigurationList = 4F08871A2C478ECA004D5011 /* Build configuration list for PBXNativeTarget "LandMarks" */;
			buildPhases = (
				4F0887082C478EC9004D5011 /* Sources */,
				4F0887092C478EC9004D5011 /* Frameworks */,
				4F08870A2C478EC9004D5011 /* Resources */,
			);
			buildRules = (
			);
			dependencies = (
			);
			name = LandMarks;
			productName = LandMarks;
			productReference = 4F08870C2C478EC9004D5011 /* LandMarks.app */;
			productType = "com.apple.product-type.application";
		};
/* End PBXNativeTarget section */

/* Begin PBXProject section */
		4F0887042C478EC9004D5011 /* Project object */ = {
			isa = PBXProject;
			attributes = {
				BuildIndependentTargetsInParallel = 1;
				LastSwiftUpdateCheck = 1540;
				LastUpgradeCheck = 1540;
				TargetAttributes = {
					4F08870B2C478EC9004D5011 = {
						CreatedOnToolsVersion = 15.4;
					};
				};
			};
			buildConfigurationList = 4F0887072C478EC9004D5011 /* Build configuration list for PBXProject "LandMarks" */;
			compatibilityVersion = "Xcode 14.0";
			developmentRegion = en;
			hasScannedForEncodings = 0;
			knownRegions = (
				en,
				Base,
			);
			mainGroup = 4F0887032C478EC9004D5011;
			productRefGroup = 4F08870D2C478EC9004D5011 /* Products */;
			projectDirPath = "";
			projectRoot = "";
			targets = (
				4F08870B2C478EC9004D5011 /* LandMarks */,
			);
		};
/* End PBXProject section */

/* Begin PBXResourcesBuildPhase section */
		4F08870A2C478EC9004D5011 /* Resources */ = {
			isa = PBXResourcesBuildPhase;
			buildActionMask = 2147483647;
			files = (
				4F0887172C478ECA004D5011 /* Preview Assets.xcassets in Resources */,
				4F0887142C478ECA004D5011 /* Assets.xcassets in Resources */,
				4F0887602C4A7B4E004D5011 /* landmarkData.json in Resources */,
			);
			runOnlyForDeploymentPostprocessing = 0;
		};
/* End PBXResourcesBuildPhase section */

/* Begin PBXSourcesBuildPhase section */
		4F0887082C478EC9004D5011 /* Sources */ = {
			isa = PBXSourcesBuildPhase;
			buildActionMask = 2147483647;
			files = (
				4F0887122C478EC9004D5011 /* ContentView.swift in Sources */,
				4F0887202C48FA33004D5011 /* MapView.swift in Sources */,
				4F0887102C478EC9004D5011 /* LandMarksApp.swift in Sources */,
				4F0887222C4904C8004D5011 /* ContentView3.swift in Sources */,
				4F08871E2C48F84E004D5011 /* CircleImage.swift in Sources */,
				4F08875C2C4A59F2004D5011 /* Landmark.swift in Sources */,
				4F0887652C4B89E2004D5011 /* LandmarksList.swift in Sources */,
				4F0887632C4A84B5004D5011 /* LandmarkRow.swift in Sources */,
				4F0887672C4B8AAA004D5011 /* LandmarkDetail.swift in Sources */,
				4F0887692C4BD12A004D5011 /* FavoriteButton.swift in Sources */,
				4F08875D2C4A59F2004D5011 /* ModelData.swift in Sources */,
			);
			runOnlyForDeploymentPostprocessing = 0;
		};
/* End PBXSourcesBuildPhase section */

/* Begin XCBuildConfiguration section */
		4F0887182C478ECA004D5011 /* Debug */ = {
			isa = XCBuildConfiguration;
			buildSettings = {
				ALWAYS_SEARCH_USER_PATHS = NO;
				ASSETCATALOG_COMPILER_GENERATE_SWIFT_ASSET_SYMBOL_EXTENSIONS = YES;
				CLANG_ANALYZER_NONNULL = YES;
				CLANG_ANALYZER_NUMBER_OBJECT_CONVERSION = YES_AGGRESSIVE;
				CLANG_CXX_LANGUAGE_STANDARD = "gnu++20";
				CLANG_ENABLE_MODULES = YES;
				CLANG_ENABLE_OBJC_ARC = YES;
				CLANG_ENABLE_OBJC_WEAK = YES;
				CLANG_WARN_BLOCK_CAPTURE_AUTORELEASING = YES;
				CLANG_WARN_BOOL_CONVERSION = YES;
				CLANG_WARN_COMMA = YES;
				CLANG_WARN_CONSTANT_CONVERSION = YES;
				CLANG_WARN_DEPRECATED_OBJC_IMPLEMENTATIONS = YES;
				CLANG_WARN_DIRECT_OBJC_ISA_USAGE = YES_ERROR;
				CLANG_WARN_DOCUMENTATION_COMMENTS = YES;
				CLANG_WARN_EMPTY_BODY = YES;
				CLANG_WARN_ENUM_CONVERSION = YES;
				CLANG_WARN_INFINITE_RECURSION = YES;
				CLANG_WARN_INT_CONVERSION = YES;
				CLANG_WARN_NON_LITERAL_NULL_CONVERSION = YES;
				CLANG_WARN_OBJC_IMPLICIT_RETAIN_SELF = YES;
				CLANG_WARN_OBJC_LITERAL_CONVERSION = YES;
				CLANG_WARN_OBJC_ROOT_CLASS = YES_ERROR;
				CLANG_WARN_QUOTED_INCLUDE_IN_FRAMEWORK_HEADER = YES;
				CLANG_WARN_RANGE_LOOP_ANALYSIS = YES;
				CLANG_WARN_STRICT_PROTOTYPES = YES;
				CLANG_WARN_SUSPICIOUS_MOVE = YES;
				CLANG_WARN_UNGUARDED_AVAILABILITY = YES_AGGRESSIVE;
				CLANG_WARN_UNREACHABLE_CODE = YES;
				CLANG_WARN__DUPLICATE_METHOD_MATCH = YES;
				COPY_PHASE_STRIP = NO;
				DEBUG_INFORMATION_FORMAT = dwarf;
				ENABLE_STRICT_OBJC_MSGSEND = YES;
				ENABLE_TESTABILITY = YES;
				ENABLE_USER_SCRIPT_SANDBOXING = YES;
				GCC_C_LANGUAGE_STANDARD = gnu17;
				GCC_DYNAMIC_NO_PIC = NO;
				GCC_NO_COMMON_BLOCKS = YES;
				GCC_OPTIMIZATION_LEVEL = 0;
				GCC_PREPROCESSOR_DEFINITIONS = (
					"DEBUG=1",
					"$(inherited)",
				);
				GCC_WARN_64_TO_32_BIT_CONVERSION = YES;
				GCC_WARN_ABOUT_RETURN_TYPE = YES_ERROR;
				GCC_WARN_UNDECLARED_SELECTOR = YES;
				GCC_WARN_UNINITIALIZED_AUTOS = YES_AGGRESSIVE;
				GCC_WARN_UNUSED_FUNCTION = YES;
				GCC_WARN_UNUSED_VARIABLE = YES;
				IPHONEOS_DEPLOYMENT_TARGET = 17.5;
				LOCALIZATION_PREFERS_STRING_CATALOGS = YES;
				MTL_ENABLE_DEBUG_INFO = INCLUDE_SOURCE;
				MTL_FAST_MATH = YES;
				ONLY_ACTIVE_ARCH = YES;
				SDKROOT = iphoneos;
				SWIFT_ACTIVE_COMPILATION_CONDITIONS = "DEBUG $(inherited)";
				SWIFT_OPTIMIZATION_LEVEL = "-Onone";
			};
			name = Debug;
		};
		4F0887192C478ECA004D5011 /* Release */ = {
			isa = XCBuildConfiguration;
			buildSettings = {
				ALWAYS_SEARCH_USER_PATHS = NO;
				ASSETCATALOG_COMPILER_GENERATE_SWIFT_ASSET_SYMBOL_EXTENSIONS = YES;
				CLANG_ANALYZER_NONNULL = YES;
				CLANG_ANALYZER_NUMBER_OBJECT_CONVERSION = YES_AGGRESSIVE;
				CLANG_CXX_LANGUAGE_STANDARD = "gnu++20";
				CLANG_ENABLE_MODULES = YES;
				CLANG_ENABLE_OBJC_ARC = YES;
				CLANG_ENABLE_OBJC_WEAK = YES;
				CLANG_WARN_BLOCK_CAPTURE_AUTORELEASING = YES;
				CLANG_WARN_BOOL_CONVERSION = YES;
				CLANG_WARN_COMMA = YES;
				CLANG_WARN_CONSTANT_CONVERSION = YES;
				CLANG_WARN_DEPRECATED_OBJC_IMPLEMENTATIONS = YES;
				CLANG_WARN_DIRECT_OBJC_ISA_USAGE = YES_ERROR;
				CLANG_WARN_DOCUMENTATION_COMMENTS = YES;
				CLANG_WARN_EMPTY_BODY = YES;
				CLANG_WARN_ENUM_CONVERSION = YES;
				CLANG_WARN_INFINITE_RECURSION = YES;
				CLANG_WARN_INT_CONVERSION = YES;
				CLANG_WARN_NON_LITERAL_NULL_CONVERSION = YES;
				CLANG_WARN_OBJC_IMPLICIT_RETAIN_SELF = YES;
				CLANG_WARN_OBJC_LITERAL_CONVERSION = YES;
				CLANG_WARN_OBJC_ROOT_CLASS = YES_ERROR;
				CLANG_WARN_QUOTED_INCLUDE_IN_FRAMEWORK_HEADER = YES;
				CLANG_WARN_RANGE_LOOP_ANALYSIS = YES;
				CLANG_WARN_STRICT_PROTOTYPES = YES;
				CLANG_WARN_SUSPICIOUS_MOVE = YES;
				CLANG_WARN_UNGUARDED_AVAILABILITY = YES_AGGRESSIVE;
				CLANG_WARN_UNREACHABLE_CODE = YES;
				CLANG_WARN__DUPLICATE_METHOD_MATCH = YES;
				COPY_PHASE_STRIP = NO;
				DEBUG_INFORMATION_FORMAT = "dwarf-with-dsym";
				ENABLE_NS_ASSERTIONS = NO;
				ENABLE_STRICT_OBJC_MSGSEND = YES;
				ENABLE_USER_SCRIPT_SANDBOXING = YES;
				GCC_C_LANGUAGE_STANDARD = gnu17;
				GCC_NO_COMMON_BLOCKS = YES;
				GCC_WARN_64_TO_32_BIT_CONVERSION = YES;
				GCC_WARN_ABOUT_RETURN_TYPE = YES_ERROR;
				GCC_WARN_UNDECLARED_SELECTOR = YES;
				GCC_WARN_UNINITIALIZED_AUTOS = YES_AGGRESSIVE;
				GCC_WARN_UNUSED_FUNCTION = YES;
				GCC_WARN_UNUSED_VARIABLE = YES;
				IPHONEOS_DEPLOYMENT_TARGET = 17.5;
				LOCALIZATION_PREFERS_STRING_CATALOGS = YES;
				MTL_ENABLE_DEBUG_INFO = NO;
				MTL_FAST_MATH = YES;
				SDKROOT = iphoneos;
				SWIFT_COMPILATION_MODE = wholemodule;
				VALIDATE_PRODUCT = YES;
			};
			name = Release;
		};
		4F08871B2C478ECA004D5011 /* Debug */ = {
			isa = XCBuildConfiguration;
			buildSettings = {
				ASSETCATALOG_COMPILER_APPICON_NAME = AppIcon;
				ASSETCATALOG_COMPILER_GLOBAL_ACCENT_COLOR_NAME = AccentColor;
				CODE_SIGN_STYLE = Automatic;
				CURRENT_PROJECT_VERSION = 1;
				DEVELOPMENT_ASSET_PATHS = "\"LandMarks/Preview Content\"";
				ENABLE_PREVIEWS = YES;
				GENERATE_INFOPLIST_FILE = YES;
				INFOPLIST_KEY_UIApplicationSceneManifest_Generation = YES;
				INFOPLIST_KEY_UIApplicationSupportsIndirectInputEvents = YES;
				INFOPLIST_KEY_UILaunchScreen_Generation = YES;
				INFOPLIST_KEY_UISupportedInterfaceOrientations_iPad = "UIInterfaceOrientationPortrait UIInterfaceOrientationPortraitUpsideDown UIInterfaceOrientationLandscapeLeft UIInterfaceOrientationLandscapeRight";
				INFOPLIST_KEY_UISupportedInterfaceOrientations_iPhone = "UIInterfaceOrientationPortrait UIInterfaceOrientationLandscapeLeft UIInterfaceOrientationLandscapeRight";
				IPHONEOS_DEPLOYMENT_TARGET = 17.5;
				LD_RUNPATH_SEARCH_PATHS = (
					"$(inherited)",
					"@executable_path/Frameworks",
				);
				MARKETING_VERSION = 1.0;
				PRODUCT_BUNDLE_IDENTIFIER = com.purna.LandMarks;
				PRODUCT_NAME = "$(TARGET_NAME)";
				SWIFT_EMIT_LOC_STRINGS = YES;
				SWIFT_VERSION = 5.0;
				TARGETED_DEVICE_FAMILY = "1,2";
			};
			name = Debug;
		};
		4F08871C2C478ECA004D5011 /* Release */ = {
			isa = XCBuildConfiguration;
			buildSettings = {
				ASSETCATALOG_COMPILER_APPICON_NAME = AppIcon;
				ASSETCATALOG_COMPILER_GLOBAL_ACCENT_COLOR_NAME = AccentColor;
				CODE_SIGN_STYLE = Automatic;
				CURRENT_PROJECT_VERSION = 1;
				DEVELOPMENT_ASSET_PATHS = "\"LandMarks/Preview Content\"";
				ENABLE_PREVIEWS = YES;
				GENERATE_INFOPLIST_FILE = YES;
				INFOPLIST_KEY_UIApplicationSceneManifest_Generation = YES;
				INFOPLIST_KEY_UIApplicationSupportsIndirectInputEvents = YES;
				INFOPLIST_KEY_UILaunchScreen_Generation = YES;
				INFOPLIST_KEY_UISupportedInterfaceOrientations_iPad = "UIInterfaceOrientationPortrait UIInterfaceOrientationPortraitUpsideDown UIInterfaceOrientationLandscapeLeft UIInterfaceOrientationLandscapeRight";
				INFOPLIST_KEY_UISupportedInterfaceOrientations_iPhone = "UIInterfaceOrientationPortrait UIInterfaceOrientationLandscapeLeft UIInterfaceOrientationLandscapeRight";
				IPHONEOS_DEPLOYMENT_TARGET = 17.5;
				LD_RUNPATH_SEARCH_PATHS = (
					"$(inherited)",
					"@executable_path/Frameworks",
				);
				MARKETING_VERSION = 1.0;
				PRODUCT_BUNDLE_IDENTIFIER = com.purna.LandMarks;
				PRODUCT_NAME = "$(TARGET_NAME)";
				SWIFT_EMIT_LOC_STRINGS = YES;
				SWIFT_VERSION = 5.0;
				TARGETED_DEVICE_FAMILY = "1,2";
			};
			name = Release;
		};
/* End XCBuildConfiguration section */

/* Begin XCConfigurationList section */
		4F0887072C478EC9004D5011 /* Build configuration list for PBXProject "LandMarks" */ = {
			isa = XCConfigurationList;
			buildConfigurations = (
				4F0887182C478ECA004D5011 /* Debug */,
				4F0887192C478ECA004D5011 /* Release */,
			);
			defaultConfigurationIsVisible = 0;
			defaultConfigurationName = Release;
		};
		4F08871A2C478ECA004D5011 /* Build configuration list for PBXNativeTarget "LandMarks" */ = {
			isa = XCConfigurationList;
			buildConfigurations = (
				4F08871B2C478ECA004D5011 /* Debug */,
				4F08871C2C478ECA004D5011 /* Release */,
			);
			defaultConfigurationIsVisible = 0;
			defaultConfigurationName = Release;
		};
/* End XCConfigurationList section */
	};
	rootObject = 4F0887042C478EC9004D5011 /* Project object */;
}
